{
  "name": "generate-docs",
  "version": "1.0.0",
  "lockfileVersion": 3,
  "requires": true,
  "packages": {
    "": {
      "name": "generate-docs",
      "version": "1.0.0",
      "license": "ISC",
      "dependencies": {
        "prostgles-client": "file:.."
      },
      "devDependencies": {
        "@types/node": "^20.10.0"
      }
    },
    "..": {
      "name": "prostgles-client",
      "version": "4.0.174",
      "license": "MIT",
      "dependencies": {
        "prostgles-types": "^4.0.117"
      },
      "devDependencies": {
        "@types/node": "^14.14.14",
        "@types/react": "^18.2.19",
        "@typescript-eslint/eslint-plugin": "^8.15.0",
        "@typescript-eslint/parser": "^8.15.0",
        "eslint": "^8.51.0",
        "eslint-plugin-react-hooks": "^4.6.0",
        "prettier": "3.4.2",
        "ts-loader": "^9.5.1",
        "tsconfig-paths-webpack-plugin": "^4.0.0",
        "typescript": "^5.3.3",
        "webpack": "^5.94.0",
        "webpack-cli": "^5.1.4"
      },
      "peerDependencies": {
        "react": "^16.8.0 || ^17.0.0 || ^18.0.0",
        "socket.io-client": "^4.8.1"
      },
      "peerDependenciesMeta": {
        "react": {
          "optional": true
        },
        "socket.io-client": {
          "optional": true
        }
      }
    },
    "node_modules/@types/node": {
      "version": "20.17.9",
      "resolved": "https://registry.npmjs.org/@types/node/-/node-20.17.9.tgz",
      "integrity": "sha512-0JOXkRyLanfGPE2QRCwgxhzlBAvaRdCNMcvbd7jFfpmD4eEXll7LRwy5ymJmyeZqk7Nh7eD2LeUyQ68BbndmXw==",
      "dev": true,
      "license": "MIT",
      "dependencies": {
        "undici-types": "~6.19.2"
      }
    },
    "node_modules/prostgles-client": {
      "resolved": "..",
      "link": true
    },
    "node_modules/undici-types": {
      "version": "6.19.8",
      "resolved": "https://registry.npmjs.org/undici-types/-/undici-types-6.19.8.tgz",
      "integrity": "sha512-ve2KP6f/JnbPBFyobGHuerC9g1FYGn/F8n1LWTwNxCEzd6IfqTwUQcNXgEtmmQ6DlRrC1hrSrBnCZPokRrDHjw==",
      "dev": true,
      "license": "MIT"
    }
  }
}
